
Microsoft Visual Studio Solution File, Format Version 11.00
# Visual Studio 2010
Project("{FAE04EC0-301F-11D3-BF4B-00C04F79EFBC}") = "gazoukakuninn", "Assembly-CSharp.csproj", "{5F6FBCC5-D6E1-5843-2F1A-0FA2CC19014F}"
EndProject
Global
	GlobalSection(SolutionConfigurationPlatforms) = preSolution
		Debug|Any CPU = Debug|Any CPU
		Release|Any CPU = Release|Any CPU
	EndGlobalSection
	GlobalSection(ProjectConfigurationPlatforms) = postSolution
		{5F6FBCC5-D6E1-5843-2F1A-0FA2CC19014F}.Debug|Any CPU.ActiveCfg = Debug|Any CPU
		{5F6FBCC5-D6E1-5843-2F1A-0FA2CC19014F}.Debug|Any CPU.Build.0 = Debug|Any CPU
		{5F6FBCC5-D6E1-5843-2F1A-0FA2CC19014F}.Release|Any CPU.ActiveCfg = Release|Any CPU
		{5F6FBCC5-D6E1-5843-2F1A-0FA2CC19014F}.Release|Any CPU.Build.0 = Release|Any CPU
	EndGlobalSection
	GlobalSection(SolutionProperties) = preSolution
		HideSolutionNode = FALSE
	EndGlobalSection
	GlobalSection(MonoDevelopProperties) = preSolution
		StartupItem = Assembly-CSharp.csproj
	EndGlobalSection
EndGlobal
